
Microsoft Visual Studio Solution File, Format Version 12.00
# Visual Studio Version 17
VisualStudioVersion = 17.5.33530.505
MinimumVisualStudioVersion = 10.0.40219.1
Project("{FAE04EC0-301F-11D3-BF4B-00C04F79EFBC}") = "Meddelelsessystem", "Meddelelsessystem.csproj", "{EF40A3DD-8024-46DD-83B8-DF26B3467D6B}"
EndProject
Global
	GlobalSection(SolutionConfigurationPlatforms) = preSolution
		Debug|Any CPU = Debug|Any CPU
		Release|Any CPU = Release|Any CPU
	EndGlobalSection
	GlobalSection(ProjectConfigurationPlatforms) = postSolution
		{EF40A3DD-8024-46DD-83B8-DF26B3467D6B}.Debug|Any CPU.ActiveCfg = Debug|Any CPU
		{EF40A3DD-8024-46DD-83B8-DF26B3467D6B}.Debug|Any CPU.Build.0 = Debug|Any CPU
		{EF40A3DD-8024-46DD-83B8-DF26B3467D6B}.Release|Any CPU.ActiveCfg = Release|Any CPU
		{EF40A3DD-8024-46DD-83B8-DF26B3467D6B}.Release|Any CPU.Build.0 = Release|Any CPU
	EndGlobalSection
	GlobalSection(SolutionProperties) = preSolution
		HideSolutionNode = FALSE
	EndGlobalSection
	GlobalSection(ExtensibilityGlobals) = postSolution
		SolutionGuid = {330683F4-B240-46E8-AE32-91D1C1216BC6}
	EndGlobalSection
EndGlobal
